// !$*UTF8*$!
{
	archiveVersion = 1;
	classes = {
	};
	objectVersion = 50;
	objects = {

/* Begin PBXBuildFile section */
		84B63DCE24696D36003585AF /* img_nnn.jpg in Resources */ = {isa = PBXBuildFile; fileRef = 84B63DCD24696D35003585AF /* img_nnn.jpg */; };
		84F1FE8624653DB70046794C /* main.m in Sources */ = {isa = PBXBuildFile; fileRef = 84F1FE8524653DB70046794C /* main.m */; };
		84F1FE9424653E8F0046794C /* AppDelegate.m in Sources */ = {isa = PBXBuildFile; fileRef = 84F1FE9324653E8F0046794C /* AppDelegate.m */; };
		84F1FE9724653E8F0046794C /* SceneDelegate.m in Sources */ = {isa = PBXBuildFile; fileRef = 84F1FE9624653E8F0046794C /* SceneDelegate.m */; };
		84F1FE9A24653E8F0046794C /* ViewController.m in Sources */ = {isa = PBXBuildFile; fileRef = 84F1FE9924653E8F0046794C /* ViewController.m */; };
		84F1FE9D24653E8F0046794C /* Main.storyboard in Resources */ = {isa = PBXBuildFile; fileRef = 84F1FE9B24653E8F0046794C /* Main.storyboard */; };
		84F1FE9F24653E920046794C /* Assets.xcassets in Resources */ = {isa = PBXBuildFile; fileRef = 84F1FE9E24653E920046794C /* Assets.xcassets */; };
		84F1FEA224653E920046794C /* LaunchScreen.storyboard in Resources */ = {isa = PBXBuildFile; fileRef = 84F1FEA024653E920046794C /* LaunchScreen.storyboard */; };
		84F1FEA524653E920046794C /* main.m in Sources */ = {isa = PBXBuildFile; fileRef = 84F1FEA424653E920046794C /* main.m */; };
		84F1FEAF24653E920046794C /* HelloWorldTests.m in Sources */ = {isa = PBXBuildFile; fileRef = 84F1FEAE24653E920046794C /* HelloWorldTests.m */; };
		84F1FEBA24653E920046794C /* HelloWorldUITests.m in Sources */ = {isa = PBXBuildFile; fileRef = 84F1FEB924653E920046794C /* HelloWorldUITests.m */; };
/* End PBXBuildFile section */

/* Begin PBXContainerItemProxy section */
		84F1FEAB24653E920046794C /* PBXContainerItemProxy */ = {
			isa = PBXContainerItemProxy;
			containerPortal = 84F1FE7A24653DB70046794C /* Project object */;
			proxyType = 1;
			remoteGlobalIDString = 84F1FE8F24653E8F0046794C;
			remoteInfo = HelloWorld;
		};
		84F1FEB624653E920046794C /* PBXContainerItemProxy */ = {
			isa = PBXContainerItemProxy;
			containerPortal = 84F1FE7A24653DB70046794C /* Project object */;
			proxyType = 1;
			remoteGlobalIDString = 84F1FE8F24653E8F0046794C;
			remoteInfo = HelloWorld;
		};
/* End PBXContainerItemProxy section */

/* Begin PBXCopyFilesBuildPhase section */
		84F1FE8024653DB70046794C /* CopyFiles */ = {
			isa = PBXCopyFilesBuildPhase;
			buildActionMask = 2147483647;
			dstPath = /usr/share/man/man1/;
			dstSubfolderSpec = 0;
			files = (
			);
			runOnlyForDeploymentPostprocessing = 1;
		};
/* End PBXCopyFilesBuildPhase section */

/* Begin PBXFileReference section */
		84B63DCD24696D35003585AF /* img_nnn.jpg */ = {isa = PBXFileReference; lastKnownFileType = image.jpeg; path = img_nnn.jpg; sourceTree = "<group>"; };
		84F1FE8224653DB70046794C /* MachOExploration */ = {isa = PBXFileReference; explicitFileType = "compiled.mach-o.executable"; includeInIndex = 0; path = MachOExploration; sourceTree = BUILT_PRODUCTS_DIR; };
		84F1FE8524653DB70046794C /* main.m */ = {isa = PBXFileReference; lastKnownFileType = sourcecode.c.objc; path = main.m; sourceTree = "<group>"; };
		84F1FE9024653E8F0046794C /* HelloWorld.app */ = {isa = PBXFileReference; explicitFileType = wrapper.application; includeInIndex = 0; path = HelloWorld.app; sourceTree = BUILT_PRODUCTS_DIR; };
		84F1FE9224653E8F0046794C /* AppDelegate.h */ = {isa = PBXFileReference; lastKnownFileType = sourcecode.c.h; path = AppDelegate.h; sourceTree = "<group>"; };
		84F1FE9324653E8F0046794C /* AppDelegate.m */ = {isa = PBXFileReference; lastKnownFileType = sourcecode.c.objc; path = AppDelegate.m; sourceTree = "<group>"; };
		84F1FE9524653E8F0046794C /* SceneDelegate.h */ = {isa = PBXFileReference; lastKnownFileType = sourcecode.c.h; path = SceneDelegate.h; sourceTree = "<group>"; };
		84F1FE9624653E8F0046794C /* SceneDelegate.m */ = {isa = PBXFileReference; lastKnownFileType = sourcecode.c.objc; path = SceneDelegate.m; sourceTree = "<group>"; };
		84F1FE9824653E8F0046794C /* ViewController.h */ = {isa = PBXFileReference; lastKnownFileType = sourcecode.c.h; path = ViewController.h; sourceTree = "<group>"; };
		84F1FE9924653E8F0046794C /* ViewController.m */ = {isa = PBXFileReference; lastKnownFileType = sourcecode.c.objc; path = ViewController.m; sourceTree = "<group>"; };
		84F1FE9C24653E8F0046794C /* Base */ = {isa = PBXFileReference; lastKnownFileType = file.storyboard; name = Base; path = Base.lproj/Main.storyboard; sourceTree = "<group>"; };
		84F1FE9E24653E920046794C /* Assets.xcassets */ = {isa = PBXFileReference; lastKnownFileType = folder.assetcatalog; path = Assets.xcassets; sourceTree = "<group>"; };
		84F1FEA124653E920046794C /* Base */ = {isa = PBXFileReference; lastKnownFileType = file.storyboard; name = Base; path = Base.lproj/LaunchScreen.storyboard; sourceTree = "<group>"; };
		84F1FEA324653E920046794C /* Info.plist */ = {isa = PBXFileReference; lastKnownFileType = text.plist.xml; path = Info.plist; sourceTree = "<group>"; };
		84F1FEA424653E920046794C /* main.m */ = {isa = PBXFileReference; lastKnownFileType = sourcecode.c.objc; path = main.m; sourceTree = "<group>"; };
		84F1FEAA24653E920046794C /* HelloWorldTests.xctest */ = {isa = PBXFileReference; explicitFileType = wrapper.cfbundle; includeInIndex = 0; path = HelloWorldTests.xctest; sourceTree = BUILT_PRODUCTS_DIR; };
		84F1FEAE24653E920046794C /* HelloWorldTests.m */ = {isa = PBXFileReference; lastKnownFileType = sourcecode.c.objc; path = HelloWorldTests.m; sourceTree = "<group>"; };
		84F1FEB024653E920046794C /* Info.plist */ = {isa = PBXFileReference; lastKnownFileType = text.plist.xml; path = Info.plist; sourceTree = "<group>"; };
		84F1FEB524653E920046794C /* HelloWorldUITests.xctest */ = {isa = PBXFileReference; explicitFileType = wrapper.cfbundle; includeInIndex = 0; path = HelloWorldUITests.xctest; sourceTree = BUILT_PRODUCTS_DIR; };
		84F1FEB924653E920046794C /* HelloWorldUITests.m */ = {isa = PBXFileReference; lastKnownFileType = sourcecode.c.objc; path = HelloWorldUITests.m; sourceTree = "<group>"; };
		84F1FEBB24653E930046794C /* Info.plist */ = {isa = PBXFileReference; lastKnownFileType = text.plist.xml; path = Info.plist; sourceTree = "<group>"; };
		84F1FECC2465794B0046794C /* HelloWorld */ = {isa = PBXFileReference; lastKnownFileType = "compiled.mach-o.executable"; path = HelloWorld; sourceTree = "<group>"; };
/* End PBXFileReference section */

/* Begin PBXFrameworksBuildPhase section */
		84F1FE7F24653DB70046794C /* Frameworks */ = {
			isa = PBXFrameworksBuildPhase;
			buildActionMask = 2147483647;
			files = (
			);
			runOnlyForDeploymentPostprocessing = 0;
		};
		84F1FE8D24653E8F0046794C /* Frameworks */ = {
			isa = PBXFrameworksBuildPhase;
			buildActionMask = 2147483647;
			files = (
			);
			runOnlyForDeploymentPostprocessing = 0;
		};
		84F1FEA724653E920046794C /* Frameworks */ = {
			isa = PBXFrameworksBuildPhase;
			buildActionMask = 2147483647;
			files = (
			);
			runOnlyForDeploymentPostprocessing = 0;
		};
		84F1FEB224653E920046794C /* Frameworks */ = {
			isa = PBXFrameworksBuildPhase;
			buildActionMask = 2147483647;
			files = (
			);
			runOnlyForDeploymentPostprocessing = 0;
		};
/* End PBXFrameworksBuildPhase section */

/* Begin PBXGroup section */
		84F1FE7924653DB70046794C = {
			isa = PBXGroup;
			children = (
				84F1FE8424653DB70046794C /* MachOExploration */,
				84F1FE9124653E8F0046794C /* HelloWorld */,
				84F1FEAD24653E920046794C /* HelloWorldTests */,
				84F1FEB824653E920046794C /* HelloWorldUITests */,
				84F1FE8324653DB70046794C /* Products */,
			);
			sourceTree = "<group>";
		};
		84F1FE8324653DB70046794C /* Products */ = {
			isa = PBXGroup;
			children = (
				84F1FE8224653DB70046794C /* MachOExploration */,
				84F1FE9024653E8F0046794C /* HelloWorld.app */,
				84F1FEAA24653E920046794C /* HelloWorldTests.xctest */,
				84F1FEB524653E920046794C /* HelloWorldUITests.xctest */,
			);
			name = Products;
			sourceTree = "<group>";
		};
		84F1FE8424653DB70046794C /* MachOExploration */ = {
			isa = PBXGroup;
			children = (
				84F1FECC2465794B0046794C /* HelloWorld */,
				84F1FE8524653DB70046794C /* main.m */,
			);
			path = MachOExploration;
			sourceTree = "<group>";
		};
		84F1FE9124653E8F0046794C /* HelloWorld */ = {
			isa = PBXGroup;
			children = (
				84F1FE9224653E8F0046794C /* AppDelegate.h */,
				84F1FE9324653E8F0046794C /* AppDelegate.m */,
				84F1FE9524653E8F0046794C /* SceneDelegate.h */,
				84F1FE9624653E8F0046794C /* SceneDelegate.m */,
				84F1FE9824653E8F0046794C /* ViewController.h */,
				84F1FE9924653E8F0046794C /* ViewController.m */,
				84B63DCD24696D35003585AF /* img_nnn.jpg */,
				84F1FE9B24653E8F0046794C /* Main.storyboard */,
				84F1FE9E24653E920046794C /* Assets.xcassets */,
				84F1FEA024653E920046794C /* LaunchScreen.storyboard */,
				84F1FEA324653E920046794C /* Info.plist */,
				84F1FEA424653E920046794C /* main.m */,
			);
			path = HelloWorld;
			sourceTree = "<group>";
		};
		84F1FEAD24653E920046794C /* HelloWorldTests */ = {
			isa = PBXGroup;
			children = (
				84F1FEAE24653E920046794C /* HelloWorldTests.m */,
				84F1FEB024653E920046794C /* Info.plist */,
			);
			path = HelloWorldTests;
			sourceTree = "<group>";
		};
		84F1FEB824653E920046794C /* HelloWorldUITests */ = {
			isa = PBXGroup;
			children = (
				84F1FEB924653E920046794C /* HelloWorldUITests.m */,
				84F1FEBB24653E930046794C /* Info.plist */,
			);
			path = HelloWorldUITests;
			sourceTree = "<group>";
		};
/* End PBXGroup section */

/* Begin PBXNativeTarget section */
		84F1FE8124653DB70046794C /* MachOExploration */ = {
			isa = PBXNativeTarget;
			buildConfigurationList = 84F1FE8924653DB70046794C /* Build configuration list for PBXNativeTarget "MachOExploration" */;
			buildPhases = (
				84F1FE7E24653DB70046794C /* Sources */,
				84F1FE7F24653DB70046794C /* Frameworks */,
				84F1FE8024653DB70046794C /* CopyFiles */,
			);
			buildRules = (
			);
			dependencies = (
			);
			name = MachOExploration;
			productName = MachOExploration;
			productReference = 84F1FE8224653DB70046794C /* MachOExploration */;
			productType = "com.apple.product-type.tool";
		};
		84F1FE8F24653E8F0046794C /* HelloWorld */ = {
			isa = PBXNativeTarget;
			buildConfigurationList = 84F1FEBC24653E930046794C /* Build configuration list for PBXNativeTarget "HelloWorld" */;
			buildPhases = (
				84F1FE8C24653E8F0046794C /* Sources */,
				84F1FE8D24653E8F0046794C /* Frameworks */,
				84F1FE8E24653E8F0046794C /* Resources */,
				84F1FEC524653EE70046794C /* copy mach-o */,
			);
			buildRules = (
			);
			dependencies = (
			);
			name = HelloWorld;
			productName = HelloWorld;
			productReference = 84F1FE9024653E8F0046794C /* HelloWorld.app */;
			productType = "com.apple.product-type.application";
		};
		84F1FEA924653E920046794C /* HelloWorldTests */ = {
			isa = PBXNativeTarget;
			buildConfigurationList = 84F1FEBF24653E930046794C /* Build configuration list for PBXNativeTarget "HelloWorldTests" */;
			buildPhases = (
				84F1FEA624653E920046794C /* Sources */,
				84F1FEA724653E920046794C /* Frameworks */,
				84F1FEA824653E920046794C /* Resources */,
			);
			buildRules = (
			);
			dependencies = (
				84F1FEAC24653E920046794C /* PBXTargetDependency */,
			);
			name = HelloWorldTests;
			productName = HelloWorldTests;
			productReference = 84F1FEAA24653E920046794C /* HelloWorldTests.xctest */;
			productType = "com.apple.product-type.bundle.unit-test";
		};
		84F1FEB424653E920046794C /* HelloWorldUITests */ = {
			isa = PBXNativeTarget;
			buildConfigurationList = 84F1FEC224653E930046794C /* Build configuration list for PBXNativeTarget "HelloWorldUITests" */;
			buildPhases = (
				84F1FEB124653E920046794C /* Sources */,
				84F1FEB224653E920046794C /* Frameworks */,
				84F1FEB324653E920046794C /* Resources */,
			);
			buildRules = (
			);
			dependencies = (
				84F1FEB724653E920046794C /* PBXTargetDependency */,
			);
			name = HelloWorldUITests;
			productName = HelloWorldUITests;
			productReference = 84F1FEB524653E920046794C /* HelloWorldUITests.xctest */;
			productType = "com.apple.product-type.bundle.ui-testing";
		};
/* End PBXNativeTarget section */

/* Begin PBXProject section */
		84F1FE7A24653DB70046794C /* Project object */ = {
			isa = PBXProject;
			attributes = {
				LastUpgradeCheck = 1140;
				ORGANIZATIONNAME = CST;
				TargetAttributes = {
					84F1FE8124653DB70046794C = {
						CreatedOnToolsVersion = 11.4.1;
					};
					84F1FE8F24653E8F0046794C = {
						CreatedOnToolsVersion = 11.4.1;
					};
					84F1FEA924653E920046794C = {
						CreatedOnToolsVersion = 11.4.1;
						TestTargetID = 84F1FE8F24653E8F0046794C;
					};
					84F1FEB424653E920046794C = {
						CreatedOnToolsVersion = 11.4.1;
						TestTargetID = 84F1FE8F24653E8F0046794C;
					};
				};
			};
			buildConfigurationList = 84F1FE7D24653DB70046794C /* Build configuration list for PBXProject "MachOExploration" */;
			compatibilityVersion = "Xcode 9.3";
			developmentRegion = en;
			hasScannedForEncodings = 0;
			knownRegions = (
				en,
				Base,
			);
			mainGroup = 84F1FE7924653DB70046794C;
			productRefGroup = 84F1FE8324653DB70046794C /* Products */;
			projectDirPath = "";
			projectRoot = "";
			targets = (
				84F1FE8124653DB70046794C /* MachOExploration */,
				84F1FE8F24653E8F0046794C /* HelloWorld */,
				84F1FEA924653E920046794C /* HelloWorldTests */,
				84F1FEB424653E920046794C /* HelloWorldUITests */,
			);
		};
/* End PBXProject section */

/* Begin PBXResourcesBuildPhase section */
		84F1FE8E24653E8F0046794C /* Resources */ = {
			isa = PBXResourcesBuildPhase;
			buildActionMask = 2147483647;
			files = (
				84F1FEA224653E920046794C /* LaunchScreen.storyboard in Resources */,
				84F1FE9F24653E920046794C /* Assets.xcassets in Resources */,
				84B63DCE24696D36003585AF /* img_nnn.jpg in Resources */,
				84F1FE9D24653E8F0046794C /* Main.storyboard in Resources */,
			);
			runOnlyForDeploymentPostprocessing = 0;
		};
		84F1FEA824653E920046794C /* Resources */ = {
			isa = PBXResourcesBuildPhase;
			buildActionMask = 2147483647;
			files = (
			);
			runOnlyForDeploymentPostprocessing = 0;
		};
		84F1FEB324653E920046794C /* Resources */ = {
			isa = PBXResourcesBuildPhase;
			buildActionMask = 2147483647;
			files = (
			);
			runOnlyForDeploymentPostprocessing = 0;
		};
/* End PBXResourcesBuildPhase section */

/* Begin PBXShellScriptBuildPhase section */
		84F1FEC524653EE70046794C /* copy mach-o */ = {
			isa = PBXShellScriptBuildPhase;
			buildActionMask = 2147483647;
			files = (
			);
			inputFileListPaths = (
			);
			inputPaths = (
			);
			name = "copy mach-o";
			outputFileListPaths = (
			);
			outputPaths = (
			);
			runOnlyForDeploymentPostprocessing = 0;
			shellPath = /usr/bin/python3;
			shellScript = "import os\nimport shutil\n\nproduct_dir = os.environ[\"BUILT_PRODUCTS_DIR\"]\nexecuteable_path = os.environ[\"EXECUTABLE_PATH\"] \nexecuteable_abs_path = os.path.join(product_dir,executeable_path)\n\nexecuteable_name = os.environ[\"EXECUTABLE_NAME\"]\n\nproject_dir = os.environ[\"PROJECT_DIR\"]\n\ndes_exe_path = os.path.join(project_dir,executeable_name)\n\nshutil.copy2(executeable_abs_path, des_exe_path)\n\nprint(\"des_exe_path:\", des_exe_path)\n\n\n";
		};
/* End PBXShellScriptBuildPhase section */

/* Begin PBXSourcesBuildPhase section */
		84F1FE7E24653DB70046794C /* Sources */ = {
			isa = PBXSourcesBuildPhase;
			buildActionMask = 2147483647;
			files = (
				84F1FE8624653DB70046794C /* main.m in Sources */,
			);
			runOnlyForDeploymentPostprocessing = 0;
		};
		84F1FE8C24653E8F0046794C /* Sources */ = {
			isa = PBXSourcesBuildPhase;
			buildActionMask = 2147483647;
			files = (
				84F1FE9A24653E8F0046794C /* ViewController.m in Sources */,
				84F1FE9424653E8F0046794C /* AppDelegate.m in Sources */,
				84F1FEA524653E920046794C /* main.m in Sources */,
				84F1FE9724653E8F0046794C /* SceneDelegate.m in Sources */,
			);
			runOnlyForDeploymentPostprocessing = 0;
		};
		84F1FEA624653E920046794C /* Sources */ = {
			isa = PBXSourcesBuildPhase;
			buildActionMask = 2147483647;
			files = (
				84F1FEAF24653E920046794C /* HelloWorldTests.m in Sources */,
			);
			runOnlyForDeploymentPostprocessing = 0;
		};
		84F1FEB124653E920046794C /* Sources */ = {
			isa = PBXSourcesBuildPhase;
			buildActionMask = 2147483647;
			files = (
				84F1FEBA24653E920046794C /* HelloWorldUITests.m in Sources */,
			);
			runOnlyForDeploymentPostprocessing = 0;
		};
/* End PBXSourcesBuildPhase section */

/* Begin PBXTargetDependency section */
		84F1FEAC24653E920046794C /* PBXTargetDependency */ = {
			isa = PBXTargetDependency;
			target = 84F1FE8F24653E8F0046794C /* HelloWorld */;
			targetProxy = 84F1FEAB24653E920046794C /* PBXContainerItemProxy */;
		};
		84F1FEB724653E920046794C /* PBXTargetDependency */ = {
			isa = PBXTargetDependency;
			target = 84F1FE8F24653E8F0046794C /* HelloWorld */;
			targetProxy = 84F1FEB624653E920046794C /* PBXContainerItemProxy */;
		};
/* End PBXTargetDependency section */

/* Begin PBXVariantGroup section */
		84F1FE9B24653E8F0046794C /* Main.storyboard */ = {
			isa = PBXVariantGroup;
			children = (
				84F1FE9C24653E8F0046794C /* Base */,
			);
			name = Main.storyboard;
			sourceTree = "<group>";
		};
		84F1FEA024653E920046794C /* LaunchScreen.storyboard */ = {
			isa = PBXVariantGroup;
			children = (
				84F1FEA124653E920046794C /* Base */,
			);
			name = LaunchScreen.storyboard;
			sourceTree = "<group>";
		};
/* End PBXVariantGroup section */

/* Begin XCBuildConfiguration section */
		84F1FE8724653DB70046794C /* Debug */ = {
			isa = XCBuildConfiguration;
			buildSettings = {
				ALWAYS_SEARCH_USER_PATHS = NO;
				CLANG_ANALYZER_NONNULL = YES;
				CLANG_ANALYZER_NUMBER_OBJECT_CONVERSION = YES_AGGRESSIVE;
				CLANG_CXX_LANGUAGE_STANDARD = "gnu++14";
				CLANG_CXX_LIBRARY = "libc++";
				CLANG_ENABLE_MODULES = YES;
				CLANG_ENABLE_OBJC_ARC = YES;
				CLANG_ENABLE_OBJC_WEAK = YES;
				CLANG_WARN_BLOCK_CAPTURE_AUTORELEASING = YES;
				CLANG_WARN_BOOL_CONVERSION = YES;
				CLANG_WARN_COMMA = YES;
				CLANG_WARN_CONSTANT_CONVERSION = YES;
				CLANG_WARN_DEPRECATED_OBJC_IMPLEMENTATIONS = YES;
				CLANG_WARN_DIRECT_OBJC_ISA_USAGE = YES_ERROR;
				CLANG_WARN_DOCUMENTATION_COMMENTS = YES;
				CLANG_WARN_EMPTY_BODY = YES;
				CLANG_WARN_ENUM_CONVERSION = YES;
				CLANG_WARN_INFINITE_RECURSION = YES;
				CLANG_WARN_INT_CONVERSION = YES;
				CLANG_WARN_NON_LITERAL_NULL_CONVERSION = YES;
				CLANG_WARN_OBJC_IMPLICIT_RETAIN_SELF = YES;
				CLANG_WARN_OBJC_LITERAL_CONVERSION = YES;
				CLANG_WARN_OBJC_ROOT_CLASS = YES_ERROR;
				CLANG_WARN_RANGE_LOOP_ANALYSIS = YES;
				CLANG_WARN_STRICT_PROTOTYPES = YES;
				CLANG_WARN_SUSPICIOUS_MOVE = YES;
				CLANG_WARN_UNGUARDED_AVAILABILITY = YES_AGGRESSIVE;
				CLANG_WARN_UNREACHABLE_CODE = YES;
				CLANG_WARN__DUPLICATE_METHOD_MATCH = YES;
				COPY_PHASE_STRIP = NO;
				DEBUG_INFORMATION_FORMAT = dwarf;
				ENABLE_STRICT_OBJC_MSGSEND = YES;
				ENABLE_TESTABILITY = YES;
				GCC_C_LANGUAGE_STANDARD = gnu11;
				GCC_DYNAMIC_NO_PIC = NO;
				GCC_NO_COMMON_BLOCKS = YES;
				GCC_OPTIMIZATION_LEVEL = 0;
				GCC_PREPROCESSOR_DEFINITIONS = (
					"DEBUG=1",
					"$(inherited)",
				);
				GCC_WARN_64_TO_32_BIT_CONVERSION = YES;
				GCC_WARN_ABOUT_RETURN_TYPE = YES_ERROR;
				GCC_WARN_UNDECLARED_SELECTOR = YES;
				GCC_WARN_UNINITIALIZED_AUTOS = YES_AGGRESSIVE;
				GCC_WARN_UNUSED_FUNCTION = YES;
				GCC_WARN_UNUSED_VARIABLE = YES;
				MACOSX_DEPLOYMENT_TARGET = 10.15;
				MTL_ENABLE_DEBUG_INFO = INCLUDE_SOURCE;
				MTL_FAST_MATH = YES;
				ONLY_ACTIVE_ARCH = YES;
				SDKROOT = macosx;
			};
			name = Debug;
		};
		84F1FE8824653DB70046794C /* Release */ = {
			isa = XCBuildConfiguration;
			buildSettings = {
				ALWAYS_SEARCH_USER_PATHS = NO;
				CLANG_ANALYZER_NONNULL = YES;
				CLANG_ANALYZER_NUMBER_OBJECT_CONVERSION = YES_AGGRESSIVE;
				CLANG_CXX_LANGUAGE_STANDARD = "gnu++14";
				CLANG_CXX_LIBRARY = "libc++";
				CLANG_ENABLE_MODULES = YES;
				CLANG_ENABLE_OBJC_ARC = YES;
				CLANG_ENABLE_OBJC_WEAK = YES;
				CLANG_WARN_BLOCK_CAPTURE_AUTORELEASING = YES;
				CLANG_WARN_BOOL_CONVERSION = YES;
				CLANG_WARN_COMMA = YES;
				CLANG_WARN_CONSTANT_CONVERSION = YES;
				CLANG_WARN_DEPRECATED_OBJC_IMPLEMENTATIONS = YES;
				CLANG_WARN_DIRECT_OBJC_ISA_USAGE = YES_ERROR;
				CLANG_WARN_DOCUMENTATION_COMMENTS = YES;
				CLANG_WARN_EMPTY_BODY = YES;
				CLANG_WARN_ENUM_CONVERSION = YES;
				CLANG_WARN_INFINITE_RECURSION = YES;
				CLANG_WARN_INT_CONVERSION = YES;
				CLANG_WARN_NON_LITERAL_NULL_CONVERSION = YES;
				CLANG_WARN_OBJC_IMPLICIT_RETAIN_SELF = YES;
				CLANG_WARN_OBJC_LITERAL_CONVERSION = YES;
				CLANG_WARN_OBJC_ROOT_CLASS = YES_ERROR;
				CLANG_WARN_RANGE_LOOP_ANALYSIS = YES;
				CLANG_WARN_STRICT_PROTOTYPES = YES;
				CLANG_WARN_SUSPICIOUS_MOVE = YES;
				CLANG_WARN_UNGUARDED_AVAILABILITY = YES_AGGRESSIVE;
				CLANG_WARN_UNREACHABLE_CODE = YES;
				CLANG_WARN__DUPLICATE_METHOD_MATCH = YES;
				COPY_PHASE_STRIP = NO;
				DEBUG_INFORMATION_FORMAT = "dwarf-with-dsym";
				ENABLE_NS_ASSERTIONS = NO;
				ENABLE_STRICT_OBJC_MSGSEND = YES;
				GCC_C_LANGUAGE_STANDARD = gnu11;
				GCC_NO_COMMON_BLOCKS = YES;
				GCC_WARN_64_TO_32_BIT_CONVERSION = YES;
				GCC_WARN_ABOUT_RETURN_TYPE = YES_ERROR;
				GCC_WARN_UNDECLARED_SELECTOR = YES;
				GCC_WARN_UNINITIALIZED_AUTOS = YES_AGGRESSIVE;
				GCC_WARN_UNUSED_FUNCTION = YES;
				GCC_WARN_UNUSED_VARIABLE = YES;
				MACOSX_DEPLOYMENT_TARGET = 10.15;
				MTL_ENABLE_DEBUG_INFO = NO;
				MTL_FAST_MATH = YES;
				SDKROOT = macosx;
			};
			name = Release;
		};
		84F1FE8A24653DB70046794C /* Debug */ = {
			isa = XCBuildConfiguration;
			buildSettings = {
				CODE_SIGN_STYLE = Automatic;
				DEVELOPMENT_TEAM = QGXT586SGD;
				ENABLE_HARDENED_RUNTIME = YES;
				PRODUCT_NAME = "$(TARGET_NAME)";
			};
			name = Debug;
		};
		84F1FE8B24653DB70046794C /* Release */ = {
			isa = XCBuildConfiguration;
			buildSettings = {
				CODE_SIGN_STYLE = Automatic;
				DEVELOPMENT_TEAM = QGXT586SGD;
				ENABLE_HARDENED_RUNTIME = YES;
				PRODUCT_NAME = "$(TARGET_NAME)";
			};
			name = Release;
		};
		84F1FEBD24653E930046794C /* Debug */ = {
			isa = XCBuildConfiguration;
			buildSettings = {
				ASSETCATALOG_COMPILER_APPICON_NAME = AppIcon;
				CODE_SIGN_STYLE = Automatic;
				DEVELOPMENT_TEAM = GRT532Z4Z7;
				INFOPLIST_FILE = HelloWorld/Info.plist;
				IPHONEOS_DEPLOYMENT_TARGET = 11.0;
				LD_RUNPATH_SEARCH_PATHS = (
					"$(inherited)",
					"@executable_path/Frameworks",
				);
				PRODUCT_BUNDLE_IDENTIFIER = anonymous.HelloWorld;
				PRODUCT_NAME = "$(TARGET_NAME)";
				SDKROOT = iphoneos;
				TARGETED_DEVICE_FAMILY = "1,2";
			};
			name = Debug;
		};
		84F1FEBE24653E930046794C /* Release */ = {
			isa = XCBuildConfiguration;
			buildSettings = {
				ASSETCATALOG_COMPILER_APPICON_NAME = AppIcon;
				CODE_SIGN_STYLE = Automatic;
				DEVELOPMENT_TEAM = GRT532Z4Z7;
				INFOPLIST_FILE = HelloWorld/Info.plist;
				IPHONEOS_DEPLOYMENT_TARGET = 11.0;
				LD_RUNPATH_SEARCH_PATHS = (
					"$(inherited)",
					"@executable_path/Frameworks",
				);
				PRODUCT_BUNDLE_IDENTIFIER = anonymous.HelloWorld;
				PRODUCT_NAME = "$(TARGET_NAME)";
				SDKROOT = iphoneos;
				TARGETED_DEVICE_FAMILY = "1,2";
				VALIDATE_PRODUCT = YES;
			};
			name = Release;
		};
		84F1FEC024653E930046794C /* Debug */ = {
			isa = XCBuildConfiguration;
			buildSettings = {
				BUNDLE_LOADER = "$(TEST_HOST)";
				CODE_SIGN_STYLE = Automatic;
				DEVELOPMENT_TEAM = QGXT586SGD;
				INFOPLIST_FILE = HelloWorldTests/Info.plist;
				IPHONEOS_DEPLOYMENT_TARGET = 13.4;
				LD_RUNPATH_SEARCH_PATHS = (
					"$(inherited)",
					"@executable_path/Frameworks",
					"@loader_path/Frameworks",
				);
				PRODUCT_BUNDLE_IDENTIFIER = anonymous.HelloWorldTests;
				PRODUCT_NAME = "$(TARGET_NAME)";
				SDKROOT = iphoneos;
				TARGETED_DEVICE_FAMILY = "1,2";
				TEST_HOST = "$(BUILT_PRODUCTS_DIR)/HelloWorld.app/HelloWorld";
			};
			name = Debug;
		};
		84F1FEC124653E930046794C /* Release */ = {
			isa = XCBuildConfiguration;
			buildSettings = {
				BUNDLE_LOADER = "$(TEST_HOST)";
				CODE_SIGN_STYLE = Automatic;
				DEVELOPMENT_TEAM = QGXT586SGD;
				INFOPLIST_FILE = HelloWorldTests/Info.plist;
				IPHONEOS_DEPLOYMENT_TARGET = 13.4;
				LD_RUNPATH_SEARCH_PATHS = (
					"$(inherited)",
					"@executable_path/Frameworks",
					"@loader_path/Frameworks",
				);
				PRODUCT_BUNDLE_IDENTIFIER = anonymous.HelloWorldTests;
				PRODUCT_NAME = "$(TARGET_NAME)";
				SDKROOT = iphoneos;
				TARGETED_DEVICE_FAMILY = "1,2";
				TEST_HOST = "$(BUILT_PRODUCTS_DIR)/HelloWorld.app/HelloWorld";
				VALIDATE_PRODUCT = YES;
			};
			name = Release;
		};
		84F1FEC324653E930046794C /* Debug */ = {
			isa = XCBuildConfiguration;
			buildSettings = {
				CODE_SIGN_STYLE = Automatic;
				DEVELOPMENT_TEAM = QGXT586SGD;
				INFOPLIST_FILE = HelloWorldUITests/Info.plist;
				IPHONEOS_DEPLOYMENT_TARGET = 13.4;
				LD_RUNPATH_SEARCH_PATHS = (
					"$(inherited)",
					"@executable_path/Frameworks",
					"@loader_path/Frameworks",
				);
				PRODUCT_BUNDLE_IDENTIFIER = anonymous.HelloWorldUITests;
				PRODUCT_NAME = "$(TARGET_NAME)";
				SDKROOT = iphoneos;
				TARGETED_DEVICE_FAMILY = "1,2";
				TEST_TARGET_NAME = HelloWorld;
			};
			name = Debug;
		};
		84F1FEC424653E930046794C /* Release */ = {
			isa = XCBuildConfiguration;
			buildSettings = {
				CODE_SIGN_STYLE = Automatic;
				DEVELOPMENT_TEAM = QGXT586SGD;
				INFOPLIST_FILE = HelloWorldUITests/Info.plist;
				IPHONEOS_DEPLOYMENT_TARGET = 13.4;
				LD_RUNPATH_SEARCH_PATHS = (
					"$(inherited)",
					"@executable_path/Frameworks",
					"@loader_path/Frameworks",
				);
				PRODUCT_BUNDLE_IDENTIFIER = anonymous.HelloWorldUITests;
				PRODUCT_NAME = "$(TARGET_NAME)";
				SDKROOT = iphoneos;
				TARGETED_DEVICE_FAMILY = "1,2";
				TEST_TARGET_NAME = HelloWorld;
				VALIDATE_PRODUCT = YES;
			};
			name = Release;
		};
/* End XCBuildConfiguration section */

/* Begin XCConfigurationList section */
		84F1FE7D24653DB70046794C /* Build configuration list for PBXProject "MachOExploration" */ = {
			isa = XCConfigurationList;
			buildConfigurations = (
				84F1FE8724653DB70046794C /* Debug */,
				84F1FE8824653DB70046794C /* Release */,
			);
			defaultConfigurationIsVisible = 0;
			defaultConfigurationName = Release;
		};
		84F1FE8924653DB70046794C /* Build configuration list for PBXNativeTarget "MachOExploration" */ = {
			isa = XCConfigurationList;
			buildConfigurations = (
				84F1FE8A24653DB70046794C /* Debug */,
				84F1FE8B24653DB70046794C /* Release */,
			);
			defaultConfigurationIsVisible = 0;
			defaultConfigurationName = Release;
		};
		84F1FEBC24653E930046794C /* Build configuration list for PBXNativeTarget "HelloWorld" */ = {
			isa = XCConfigurationList;
			buildConfigurations = (
				84F1FEBD24653E930046794C /* Debug */,
				84F1FEBE24653E930046794C /* Release */,
			);
			defaultConfigurationIsVisible = 0;
			defaultConfigurationName = Release;
		};
		84F1FEBF24653E930046794C /* Build configuration list for PBXNativeTarget "HelloWorldTests" */ = {
			isa = XCConfigurationList;
			buildConfigurations = (
				84F1FEC024653E930046794C /* Debug */,
				84F1FEC124653E930046794C /* Release */,
			);
			defaultConfigurationIsVisible = 0;
			defaultConfigurationName = Release;
		};
		84F1FEC224653E930046794C /* Build configuration list for PBXNativeTarget "HelloWorldUITests" */ = {
			isa = XCConfigurationList;
			buildConfigurations = (
				84F1FEC324653E930046794C /* Debug */,
				84F1FEC424653E930046794C /* Release */,
			);
			defaultConfigurationIsVisible = 0;
			defaultConfigurationName = Release;
		};
/* End XCConfigurationList section */
	};
	rootObject = 84F1FE7A24653DB70046794C /* Project object */;
}
